PODS:
  - Bluejay (0.8.5):
    - XCGLogger (~> 7.0.0)
  - Bolts (1.9.0):
    - Bolts/AppLinks (= 1.9.0)
    - Bolts/Tasks (= 1.9.0)
  - Bolts/AppLinks (1.9.0):
    - Bolts/Tasks
  - Bolts/Tasks (1.9.0)
  - CHIPageControl/Jalapeno (0.1.7)
  - Device (3.1.2)
  - FacebookCore (0.6.0):
    - Bolts (~> 1.9)
    - FBSDKCoreKit (~> 4.43)
  - FacebookLogin (0.6.0):
    - Bolts (~> 1.9)
    - FacebookCore (~> 0.5)
    - FBSDKCoreKit (~> 4.43)
    - FBSDKLoginKit (~> 4.43)
  - FBSDKCoreKit (4.44.1):
    - Bolts (~> 1.9)
  - FBSDKLoginKit (4.44.1):
    - FBSDKCoreKit
  - Firebase/Core (6.0.0):
    - Firebase/CoreOnly
    - FirebaseAnalytics (= 6.0.0)
  - Firebase/CoreOnly (6.0.0):
    - FirebaseCore (= 6.0.0)
  - Firebase/Messaging (6.0.0):
    - Firebase/CoreOnly
    - FirebaseMessaging (~> 4.0.0)
  - FirebaseAnalytics (6.0.0):
    - FirebaseCore (~> 6.0)
    - FirebaseInstanceID (~> 4.0)
    - GoogleAppMeasurement (= 6.0.0)
    - GoogleUtilities/AppDelegateSwizzler (~> 6.0)
    - GoogleUtilities/MethodSwizzler (~> 6.0)
    - GoogleUtilities/Network (~> 6.0)
    - "GoogleUtilities/NSData+zlib (~> 6.0)"
    - nanopb (~> 0.3)
  - FirebaseAnalyticsInterop (1.2.0)
  - FirebaseCore (6.0.0):
    - GoogleUtilities/Environment (~> 6.0)
    - GoogleUtilities/Logger (~> 6.0)
  - FirebaseInstanceID (4.0.0):
    - FirebaseCore (~> 6.0)
    - GoogleUtilities/Environment (~> 6.0)
    - GoogleUtilities/UserDefaults (~> 6.0)
  - FirebaseMessaging (4.0.0):
    - FirebaseAnalyticsInterop (~> 1.1)
    - FirebaseCore (~> 6.0)
    - FirebaseInstanceID (~> 4.0)
    - GoogleUtilities/AppDelegateSwizzler (~> 6.0)
    - GoogleUtilities/Environment (~> 6.0)
    - GoogleUtilities/Reachability (~> 6.0)
    - GoogleUtilities/UserDefaults (~> 6.0)
    - Protobuf (~> 3.1)
  - FTLinearActivityIndicator (1.2)
  - GoogleAppMeasurement (6.0.0):
    - GoogleUtilities/AppDelegateSwizzler (~> 6.0)
    - GoogleUtilities/MethodSwizzler (~> 6.0)
    - GoogleUtilities/Network (~> 6.0)
    - "GoogleUtilities/NSData+zlib (~> 6.0)"
    - nanopb (~> 0.3)
  - GoogleUtilities/AppDelegateSwizzler (6.0.0):
    - GoogleUtilities/Environment
    - GoogleUtilities/Logger
    - GoogleUtilities/Network
  - GoogleUtilities/Environment (6.0.0)
  - GoogleUtilities/Logger (6.0.0):
    - GoogleUtilities/Environment
  - GoogleUtilities/MethodSwizzler (6.0.0):
    - GoogleUtilities/Logger
  - GoogleUtilities/Network (6.0.0):
    - GoogleUtilities/Logger
    - "GoogleUtilities/NSData+zlib"
    - GoogleUtilities/Reachability
  - "GoogleUtilities/NSData+zlib (6.0.0)"
  - GoogleUtilities/Reachability (6.0.0):
    - GoogleUtilities/Logger
  - GoogleUtilities/UserDefaults (6.0.0):
    - GoogleUtilities/Logger
  - Kingfisher (5.4.0)
  - Locksmith (4.0.0)
  - nanopb (0.3.901):
    - nanopb/decode (= 0.3.901)
    - nanopb/encode (= 0.3.901)
  - nanopb/decode (0.3.901)
  - nanopb/encode (0.3.901)
  - NVActivityIndicatorView (4.7.0):
    - NVActivityIndicatorView/Presenter (= 4.7.0)
  - NVActivityIndicatorView/Presenter (4.7.0)
  - ObjcExceptionBridging (1.0.1):
    - ObjcExceptionBridging/ObjcExceptionBridging (= 1.0.1)
  - ObjcExceptionBridging/ObjcExceptionBridging (1.0.1)
  - Protobuf (3.7.0)
  - Pulsator (0.5.3)
  - ReachabilitySwift (4.3.1)
  - SwiftGen (6.1.0)
  - SwiftLint (0.32.0)
  - SwiftMessages (6.0.2):
    - SwiftMessages/App (= 6.0.2)
  - SwiftMessages/App (6.0.2)
  - TechCentrixSDK (0.3.10):
    - Bluejay
    - CHIPageControl/Jalapeno
    - Device
    - FacebookCore (~> 0.6.0)
    - FacebookLogin (~> 0.6.0)
    - FTLinearActivityIndicator
    - Kingfisher
    - Locksmith
    - NVActivityIndicatorView
    - Pulsator
    - ReachabilitySwift
    - SwiftGen
    - SwiftLint
    - SwiftMessages
  - XCGLogger (7.0.0):
    - XCGLogger/Core (= 7.0.0)
  - XCGLogger/Core (7.0.0):
    - ObjcExceptionBridging

DEPENDENCIES:
  - Firebase/Core
  - Firebase/Messaging
  - TechCentrixSDK (from `~/Developer/techcentrix-ios-2.0/SDK`)

SPEC REPOS:
  https://github.com/cocoapods/specs.git:
    - Bluejay
    - Bolts
    - CHIPageControl
    - Device
    - FacebookCore
    - FacebookLogin
    - FBSDKCoreKit
    - FBSDKLoginKit
    - Firebase
    - FirebaseAnalytics
    - FirebaseAnalyticsInterop
    - FirebaseCore
    - FirebaseInstanceID
    - FirebaseMessaging
    - FTLinearActivityIndicator
    - GoogleAppMeasurement
    - GoogleUtilities
    - Kingfisher
    - Locksmith
    - nanopb
    - NVActivityIndicatorView
    - ObjcExceptionBridging
    - Protobuf
    - Pulsator
    - ReachabilitySwift
    - SwiftGen
    - SwiftLint
    - SwiftMessages
    - XCGLogger

EXTERNAL SOURCES:
  TechCentrixSDK:
    :path: "~/Developer/techcentrix-ios-2.0/SDK"

SPEC CHECKSUMS:
  Bluejay: 1c109fe79f62acf9c8fea8d43159df3d0db6617c
  Bolts: ac6567323eac61e203f6a9763667d0f711be34c8
  CHIPageControl: bbe1ddd0c688c02ec65b7f7e7d34551a3d16f37c
  Device: 62242076214c30fb5760174b3601cefafa70a481
  FacebookCore: 38cd3a4078738d6f648eb9b6b9d35b02d693e9a1
  FacebookLogin: 658b0569961a081a0890f5f4dbf69ced00657d9e
  FBSDKCoreKit: a823ae35bdb60ebb8d7a7e51abe7c5d87d2bfced
  FBSDKLoginKit: 54ae59987f2a8703021557c90a9aebb9e5c2bef6
  Firebase: fa80b9d987ca014a1ba9357496ef2a0178b28b12
  FirebaseAnalytics: 1743c5f4de3687d0745709dfdc4b1dea1484f44c
  FirebaseAnalyticsInterop: efbe45c8385ec626e29f9525e5ebd38520dfb6c1
  FirebaseCore: e38f025287b413255a53acc1945d048a112047f7
  FirebaseInstanceID: 0e0348a3c00a734fa376a070f5ad4533ad975cb5
  FirebaseMessaging: c796d50864dc822a3c06c9c1c1444b37732b795b
  FTLinearActivityIndicator: 1bc0016c92a6aae20a0a3ed5d73ee46cdd007863
  GoogleAppMeasurement: 7f028ea162b72c8f326daec74afc95d94f7a47d6
  GoogleUtilities: f1faafc033ea203adf1783ce00af455bb99d0e5b
  Kingfisher: 9c8f2cc6710334e06f32ba2b45e77707d5e2f0c9
  Locksmith: e9bebbaaa4cee3c511bc358a44f843c3fe00e21f
  nanopb: 2901f78ea1b7b4015c860c2fdd1ea2fee1a18d48
  NVActivityIndicatorView: b19ddab2576f805cbe0fb2306cba3476e09a1dea
  ObjcExceptionBridging: c30e00eb3700467e695faeea30e26e18bd445001
  Protobuf: 7a877b7f3e5964e3fce995e2eb323dbc6831bb5a
  Pulsator: d58707c6827ec862cd89fd727424866795dabd24
  ReachabilitySwift: 4032e2f59586e11e3b0ebe15b167abdd587a388b
  SwiftGen: f872ca75cbd17bf7103c17f13dcfa0d9a15667b0
  SwiftLint: 009a898ef2a1c851f45e1b59349bf6ff2ddc990d
  SwiftMessages: 8b3cc68dba2f1c91aac1a74c90b10287aac35371
  TechCentrixSDK: 0f342c79535ac51e3f869d6a7697a3b78936d110
  XCGLogger: 0434f15e3909cdc450bb63faf638b8792ab782ab

PODFILE CHECKSUM: cad15ec067fccb935b715bf7da55b8f919136cfc

COCOAPODS: 1.6.1
